Microsoft Visual Studio Solution File, Format Version 12.00
# Visual Studio Version 17
VisualStudioVersion = 17.0.31903.59
MinimumVisualStudioVersion = 10.0.40219.1
Project("{FAE04EC0-301F-11D3-BF4B-00C04F79EFBC}") = "H2CursorRouter.Core", "src\H2CursorRouter.Core\H2CursorRouter.Core.csproj", "{4A6F21B9-F330-4F2D-99DC-9BC23549C4B1}"
EndProject
Project("{FAE04EC0-301F-11D3-BF4B-00C04F79EFBC}") = "H2CursorRouter.H2", "src\H2CursorRouter.H2\H2CursorRouter.H2.csproj", "{B7A18B56-58F3-4642-875E-AD6BD3957967}"
EndProject
Project("{FAE04EC0-301F-11D3-BF4B-00C04F79EFBC}") = "H2CursorRouter.Windows", "src\H2CursorRouter.Windows\H2CursorRouter.Windows.csproj", "{87782E32-307A-4C81-9B67-A65D7936197C}"
EndProject
Project("{FAE04EC0-301F-11D3-BF4B-00C04F79EFBC}") = "H2CursorRouter.App", "src\H2CursorRouter.App\H2CursorRouter.App.csproj", "{3C52A48D-7D4B-40CB-9290-1598B86B5850}"
EndProject
Project("{FAE04EC0-301F-11D3-BF4B-00C04F79EFBC}") = "H2CursorRouter.Core.Tests", "tests\H2CursorRouter.Core.Tests\H2CursorRouter.Core.Tests.csproj", "{BCE10D99-C46F-449C-8B2D-1D0B75C9419A}"
EndProject
Project("{FAE04EC0-301F-11D3-BF4B-00C04F79EFBC}") = "H2CursorRouter.H2.Tests", "tests\H2CursorRouter.H2.Tests\H2CursorRouter.H2.Tests.csproj", "{02B196A6-2A5A-4B17-A868-2B370B1DC5D0}"
EndProject
Project("{FAE04EC0-301F-11D3-BF4B-00C04F79EFBC}") = "H2CursorRouter.App.Tests", "tests\H2CursorRouter.App.Tests\H2CursorRouter.App.Tests.csproj", "{CA09CE17-EE74-4D2B-BB9A-4FF58C2696F8}"
EndProject
Project("{FAE04EC0-301F-11D3-BF4B-00C04F79EFBC}") = "H2CursorRouter.Updater", "src\H2CursorRouter.Updater\H2CursorRouter.Updater.csproj", "{054C7D50-EF52-4326-A389-4B3A563E6FF3}"
EndProject
Project("{FAE04EC0-301F-11D3-BF4B-00C04F79EFBC}") = "H2CursorRouter.Updater.Tests", "tests\H2CursorRouter.Updater.Tests\H2CursorRouter.Updater.Tests.csproj", "{75C0B8EB-4407-4C19-B6AF-34AD6186C379}"
EndProject
Global
	GlobalSection(SolutionConfigurationPlatforms) = preSolution
		Debug|Any CPU = Debug|Any CPU
		Release|Any CPU = Release|Any CPU
	EndGlobalSection
	GlobalSection(ProjectConfigurationPlatforms) = postSolution
		{4A6F21B9-F330-4F2D-99DC-9BC23549C4B1}.Debug|Any CPU.ActiveCfg = Debug|Any CPU
		{4A6F21B9-F330-4F2D-99DC-9BC23549C4B1}.Debug|Any CPU.Build.0 = Debug|Any CPU
		{4A6F21B9-F330-4F2D-99DC-9BC23549C4B1}.Release|Any CPU.ActiveCfg = Release|Any CPU
		{4A6F21B9-F330-4F2D-99DC-9BC23549C4B1}.Release|Any CPU.Build.0 = Release|Any CPU
		{B7A18B56-58F3-4642-875E-AD6BD3957967}.Debug|Any CPU.ActiveCfg = Debug|Any CPU
		{B7A18B56-58F3-4642-875E-AD6BD3957967}.Debug|Any CPU.Build.0 = Debug|Any CPU
		{B7A18B56-58F3-4642-875E-AD6BD3957967}.Release|Any CPU.ActiveCfg = Release|Any CPU
		{B7A18B56-58F3-4642-875E-AD6BD3957967}.Release|Any CPU.Build.0 = Release|Any CPU
		{87782E32-307A-4C81-9B67-A65D7936197C}.Debug|Any CPU.ActiveCfg = Debug|Any CPU
		{87782E32-307A-4C81-9B67-A65D7936197C}.Debug|Any CPU.Build.0 = Debug|Any CPU
		{87782E32-307A-4C81-9B67-A65D7936197C}.Release|Any CPU.ActiveCfg = Release|Any CPU
		{87782E32-307A-4C81-9B67-A65D7936197C}.Release|Any CPU.Build.0 = Release|Any CPU
		{3C52A48D-7D4B-40CB-9290-1598B86B5850}.Debug|Any CPU.ActiveCfg = Debug|Any CPU
		{3C52A48D-7D4B-40CB-9290-1598B86B5850}.Debug|Any CPU.Build.0 = Debug|Any CPU
		{3C52A48D-7D4B-40CB-9290-1598B86B5850}.Release|Any CPU.ActiveCfg = Release|Any CPU
		{3C52A48D-7D4B-40CB-9290-1598B86B5850}.Release|Any CPU.Build.0 = Release|Any CPU
		{BCE10D99-C46F-449C-8B2D-1D0B75C9419A}.Debug|Any CPU.ActiveCfg = Debug|Any CPU
		{BCE10D99-C46F-449C-8B2D-1D0B75C9419A}.Debug|Any CPU.Build.0 = Debug|Any CPU
		{BCE10D99-C46F-449C-8B2D-1D0B75C9419A}.Release|Any CPU.ActiveCfg = Release|Any CPU
		{BCE10D99-C46F-449C-8B2D-1D0B75C9419A}.Release|Any CPU.Build.0 = Release|Any CPU
		{02B196A6-2A5A-4B17-A868-2B370B1DC5D0}.Debug|Any CPU.ActiveCfg = Debug|Any CPU
		{02B196A6-2A5A-4B17-A868-2B370B1DC5D0}.Debug|Any CPU.Build.0 = Debug|Any CPU
		{02B196A6-2A5A-4B17-A868-2B370B1DC5D0}.Release|Any CPU.ActiveCfg = Release|Any CPU
		{02B196A6-2A5A-4B17-A868-2B370B1DC5D0}.Release|Any CPU.Build.0 = Release|Any CPU
		{CA09CE17-EE74-4D2B-BB9A-4FF58C2696F8}.Debug|Any CPU.ActiveCfg = Debug|Any CPU
		{CA09CE17-EE74-4D2B-BB9A-4FF58C2696F8}.Debug|Any CPU.Build.0 = Debug|Any CPU
		{CA09CE17-EE74-4D2B-BB9A-4FF58C2696F8}.Release|Any CPU.ActiveCfg = Release|Any CPU
		{CA09CE17-EE74-4D2B-BB9A-4FF58C2696F8}.Release|Any CPU.Build.0 = Release|Any CPU
		{054C7D50-EF52-4326-A389-4B3A563E6FF3}.Debug|Any CPU.ActiveCfg = Debug|Any CPU
		{054C7D50-EF52-4326-A389-4B3A563E6FF3}.Debug|Any CPU.Build.0 = Debug|Any CPU
		{054C7D50-EF52-4326-A389-4B3A563E6FF3}.Release|Any CPU.ActiveCfg = Release|Any CPU
		{054C7D50-EF52-4326-A389-4B3A563E6FF3}.Release|Any CPU.Build.0 = Release|Any CPU
		{75C0B8EB-4407-4C19-B6AF-34AD6186C379}.Debug|Any CPU.ActiveCfg = Debug|Any CPU
		{75C0B8EB-4407-4C19-B6AF-34AD6186C379}.Debug|Any CPU.Build.0 = Debug|Any CPU
		{75C0B8EB-4407-4C19-B6AF-34AD6186C379}.Release|Any CPU.ActiveCfg = Release|Any CPU
		{75C0B8EB-4407-4C19-B6AF-34AD6186C379}.Release|Any CPU.Build.0 = Release|Any CPU
	EndGlobalSection
EndGlobal
